
Microsoft Visual Studio Solution File, Format Version 12.00
# Visual Studio Version 17
VisualStudioVersion = 17.10.35013.160
MinimumVisualStudioVersion = 10.0.40219.1
Project("{FAE04EC0-301F-11D3-BF4B-00C04F79EFBC}") = "IfElsePratik", "IfElsePratik\IfElsePratik.csproj", "{273052C2-060E-47CF-A5B1-6BE7C45A2729}"
EndProject
Global
	GlobalSection(SolutionConfigurationPlatforms) = preSolution
		Debug|Any CPU = Debug|Any CPU
		Release|Any CPU = Release|Any CPU
	EndGlobalSection
	GlobalSection(ProjectConfigurationPlatforms) = postSolution
		{273052C2-060E-47CF-A5B1-6BE7C45A2729}.Debug|Any CPU.ActiveCfg = Debug|Any CPU
		{273052C2-060E-47CF-A5B1-6BE7C45A2729}.Debug|Any CPU.Build.0 = Debug|Any CPU
		{273052C2-060E-47CF-A5B1-6BE7C45A2729}.Release|Any CPU.ActiveCfg = Release|Any CPU
		{273052C2-060E-47CF-A5B1-6BE7C45A2729}.Release|Any CPU.Build.0 = Release|Any CPU
	EndGlobalSection
	GlobalSection(SolutionProperties) = preSolution
		HideSolutionNode = FALSE
	EndGlobalSection
	GlobalSection(ExtensibilityGlobals) = postSolution
		SolutionGuid = {B6AC2141-DDE2-454A-BDE5-E79388A53622}
	EndGlobalSection
EndGlobal
